
Microsoft Visual Studio Solution File, Format Version 12.00
# Visual Studio Version 17
VisualStudioVersion = 17.3.32825.248
MinimumVisualStudioVersion = 10.0.40219.1
Project("{9A19103F-16F7-4668-BE54-9A1E7A4F7556}") = "z1", "z1\z1.csproj", "{1A9A0CBA-E878-4B79-B635-DB303D314E68}"
EndProject
Project("{9A19103F-16F7-4668-BE54-9A1E7A4F7556}") = "z2", "z2\z2.csproj", "{0EE655C2-99CF-42FA-B687-AE742BB18A83}"
EndProject
Project("{9A19103F-16F7-4668-BE54-9A1E7A4F7556}") = "z3", "z3\z3.csproj", "{3B92FCFA-765B-4278-9FF5-BE101D344A2B}"
EndProject
Project("{FAE04EC0-301F-11D3-BF4B-00C04F79EFBC}") = "z4", "z4\z4.csproj", "{4C6217B5-41C4-4D41-B54C-4BC589FA1B4C}"
EndProject
Global
	GlobalSection(SolutionConfigurationPlatforms) = preSolution
		Debug|Any CPU = Debug|Any CPU
		Release|Any CPU = Release|Any CPU
	EndGlobalSection
	GlobalSection(ProjectConfigurationPlatforms) = postSolution
		{1A9A0CBA-E878-4B79-B635-DB303D314E68}.Debug|Any CPU.ActiveCfg = Debug|Any CPU
		{1A9A0CBA-E878-4B79-B635-DB303D314E68}.Debug|Any CPU.Build.0 = Debug|Any CPU
		{1A9A0CBA-E878-4B79-B635-DB303D314E68}.Release|Any CPU.ActiveCfg = Release|Any CPU
		{1A9A0CBA-E878-4B79-B635-DB303D314E68}.Release|Any CPU.Build.0 = Release|Any CPU
		{0EE655C2-99CF-42FA-B687-AE742BB18A83}.Debug|Any CPU.ActiveCfg = Debug|Any CPU
		{0EE655C2-99CF-42FA-B687-AE742BB18A83}.Debug|Any CPU.Build.0 = Debug|Any CPU
		{0EE655C2-99CF-42FA-B687-AE742BB18A83}.Release|Any CPU.ActiveCfg = Release|Any CPU
		{0EE655C2-99CF-42FA-B687-AE742BB18A83}.Release|Any CPU.Build.0 = Release|Any CPU
		{3B92FCFA-765B-4278-9FF5-BE101D344A2B}.Debug|Any CPU.ActiveCfg = Debug|Any CPU
		{3B92FCFA-765B-4278-9FF5-BE101D344A2B}.Debug|Any CPU.Build.0 = Debug|Any CPU
		{3B92FCFA-765B-4278-9FF5-BE101D344A2B}.Release|Any CPU.ActiveCfg = Release|Any CPU
		{3B92FCFA-765B-4278-9FF5-BE101D344A2B}.Release|Any CPU.Build.0 = Release|Any CPU
		{4C6217B5-41C4-4D41-B54C-4BC589FA1B4C}.Debug|Any CPU.ActiveCfg = Debug|Any CPU
		{4C6217B5-41C4-4D41-B54C-4BC589FA1B4C}.Debug|Any CPU.Build.0 = Debug|Any CPU
		{4C6217B5-41C4-4D41-B54C-4BC589FA1B4C}.Release|Any CPU.ActiveCfg = Release|Any CPU
		{4C6217B5-41C4-4D41-B54C-4BC589FA1B4C}.Release|Any CPU.Build.0 = Release|Any CPU
	EndGlobalSection
	GlobalSection(SolutionProperties) = preSolution
		HideSolutionNode = FALSE
	EndGlobalSection
	GlobalSection(ExtensibilityGlobals) = postSolution
		SolutionGuid = {B77349F2-8B33-453E-A338-FA15E9363D7A}
	EndGlobalSection
EndGlobal
